{
  "name": "fkst-opensandbox-host-example",
  "lockfileVersion": 3,
  "requires": true,
  "packages": {
    "": {
      "name": "fkst-opensandbox-host-example",
      "dependencies": {
        "@alibaba-group/opensandbox": "0.1.10"
      }
    },
    "node_modules/@alibaba-group/opensandbox": {
      "version": "0.1.10",
      "resolved": "https://registry.npmjs.org/@alibaba-group/opensandbox/-/opensandbox-0.1.10.tgz",
      "integrity": "sha512-/hH54IZ5xC+gfM0t7+7JGX1gKRe5o/KZrTEK3CbJNlbhI0GntT2DsEVtdcpT0sf9j+/mVm9H5DKtgLMuegd7XQ==",
      "license": "Apache-2.0",
      "dependencies": {
        "openapi-fetch": "^0.14.1",
        "undici": "^7.28.0"
      },
      "engines": {
        "node": ">=20"
      }
    },
    "node_modules/openapi-fetch": {
      "version": "0.14.1",
      "resolved": "https://registry.npmjs.org/openapi-fetch/-/openapi-fetch-0.14.1.tgz",
      "integrity": "sha512-l7RarRHxlEZYjMLd/PR0slfMVse2/vvIAGm75/F7J6MlQ8/b9uUQmUF2kCPrQhJqMXSxmYWObVgeYXbFYzZR+A==",
      "license": "MIT",
      "dependencies": {
        "openapi-typescript-helpers": "^0.0.15"
      }
    },
    "node_modules/openapi-typescript-helpers": {
      "version": "0.0.15",
      "resolved": "https://registry.npmjs.org/openapi-typescript-helpers/-/openapi-typescript-helpers-0.0.15.tgz",
      "integrity": "sha512-opyTPaunsklCBpTK8JGef6mfPhLSnyy5a0IN9vKtx3+4aExf+KxEqYwIy3hqkedXIB97u357uLMJsOnm3GVjsw==",
      "license": "MIT"
    },
    "node_modules/undici": {
      "version": "7.28.0",
      "resolved": "https://registry.npmjs.org/undici/-/undici-7.28.0.tgz",
      "integrity": "sha512-cRZYrTDwWznlnRiPjggAGxZXanty6M8RV1ff8Wm4LWXBp7/IG8v5DnOm74DtUBp9OONpK75YlPnIjQqX0dBDtA==",
      "license": "MIT",
      "engines": {
        "node": ">=20.18.1"
      }
    }
  }
}
