{
  "name": "environment-factory-hermetic-fixture",
  "version": "1.0.0",
  "lockfileVersion": 3,
  "requires": true,
  "packages": {
    "": {
      "name": "environment-factory-hermetic-fixture",
      "version": "1.0.0",
      "dependencies": {
        "fixture-protocol": "file:vendor/protocol"
      }
    },
    "node_modules/fixture-protocol": {
      "resolved": "vendor/protocol",
      "link": true
    },
    "vendor/protocol": {
      "name": "fixture-protocol",
      "version": "1.0.0"
    }
  }
}
